
Microsoft Visual Studio Solution File, Format Version 12.00
# Visual Studio Version 16
VisualStudioVersion = 16.0.30523.141
MinimumVisualStudioVersion = 10.0.40219.1
Project("{FAE04EC0-301F-11D3-BF4B-00C04F79EFBC}") = "SalesAPI", "SalesAPI\SalesAPI.csproj", "{080F4102-56DC-4511-BA3F-BE47C9DFD257}"
EndProject
Global
	GlobalSection(SolutionConfigurationPlatforms) = preSolution
		Debug|Any CPU = Debug|Any CPU
		Release|Any CPU = Release|Any CPU
	EndGlobalSection
	GlobalSection(ProjectConfigurationPlatforms) = postSolution
		{080F4102-56DC-4511-BA3F-BE47C9DFD257}.Debug|Any CPU.ActiveCfg = Debug|Any CPU
		{080F4102-56DC-4511-BA3F-BE47C9DFD257}.Debug|Any CPU.Build.0 = Debug|Any CPU
		{080F4102-56DC-4511-BA3F-BE47C9DFD257}.Release|Any CPU.ActiveCfg = Release|Any CPU
		{080F4102-56DC-4511-BA3F-BE47C9DFD257}.Release|Any CPU.Build.0 = Release|Any CPU
	EndGlobalSection
	GlobalSection(SolutionProperties) = preSolution
		HideSolutionNode = FALSE
	EndGlobalSection
	GlobalSection(ExtensibilityGlobals) = postSolution
		SolutionGuid = {72F9D00C-A03C-4146-8C82-FFAC1BA0FA67}
	EndGlobalSection
EndGlobal
