
Microsoft Visual Studio Solution File, Format Version 12.00
# Visual Studio Version 16
VisualStudioVersion = 16.0.30523.141
MinimumVisualStudioVersion = 10.0.40219.1
Project("{9A19103F-16F7-4668-BE54-9A1E7A4F7556}") = "SalesAPI.WebApi", "SalesAPI\SalesAPI.WebApi.csproj", "{080F4102-56DC-4511-BA3F-BE47C9DFD257}"
EndProject
Project("{2150E333-8FDC-42A3-9474-1A3956D46DE8}") = "0.Core", "0.Core", "{E4065352-6CB4-4512-A726-4C2302DF916A}"
EndProject
Project("{2150E333-8FDC-42A3-9474-1A3956D46DE8}") = "1.Infra", "1.Infra", "{01C1362C-CCD1-4F8B-9134-775BA5CB62CA}"
EndProject
Project("{2150E333-8FDC-42A3-9474-1A3956D46DE8}") = "3.Core", "3.Core", "{015D8DFB-3B17-4C2B-A5D0-86ECCBC8ABD8}"
EndProject
Project("{FAE04EC0-301F-11D3-BF4B-00C04F79EFBC}") = "SalesApi.Application", "SalesApi.Application\SalesApi.Application.csproj", "{92E1240A-57FC-4601-9BB8-BF2EA73B55EF}"
EndProject
Project("{FAE04EC0-301F-11D3-BF4B-00C04F79EFBC}") = "SalesApi.Domain", "SalesApi.Domain\SalesApi.Domain.csproj", "{32A02498-D5A6-47C0-BE59-37A7042FB966}"
EndProject
Project("{FAE04EC0-301F-11D3-BF4B-00C04F79EFBC}") = "SalesApi.Tests", "SalesApi.Tests\SalesApi.Tests.csproj", "{EDFEA023-4C6D-4615-8539-B555705D59C8}"
EndProject
Project("{FAE04EC0-301F-11D3-BF4B-00C04F79EFBC}") = "SqlAdapter", "SqlAdapter\SqlAdapter.csproj", "{A621B8F5-79B8-4F61-9DFA-AB8ECDBA0A8A}"
EndProject
Global
	GlobalSection(SolutionConfigurationPlatforms) = preSolution
		Debug|Any CPU = Debug|Any CPU
		Release|Any CPU = Release|Any CPU
	EndGlobalSection
	GlobalSection(ProjectConfigurationPlatforms) = postSolution
		{080F4102-56DC-4511-BA3F-BE47C9DFD257}.Debug|Any CPU.ActiveCfg = Debug|Any CPU
		{080F4102-56DC-4511-BA3F-BE47C9DFD257}.Debug|Any CPU.Build.0 = Debug|Any CPU
		{080F4102-56DC-4511-BA3F-BE47C9DFD257}.Release|Any CPU.ActiveCfg = Release|Any CPU
		{080F4102-56DC-4511-BA3F-BE47C9DFD257}.Release|Any CPU.Build.0 = Release|Any CPU
		{92E1240A-57FC-4601-9BB8-BF2EA73B55EF}.Debug|Any CPU.ActiveCfg = Debug|Any CPU
		{92E1240A-57FC-4601-9BB8-BF2EA73B55EF}.Debug|Any CPU.Build.0 = Debug|Any CPU
		{92E1240A-57FC-4601-9BB8-BF2EA73B55EF}.Release|Any CPU.ActiveCfg = Release|Any CPU
		{92E1240A-57FC-4601-9BB8-BF2EA73B55EF}.Release|Any CPU.Build.0 = Release|Any CPU
		{32A02498-D5A6-47C0-BE59-37A7042FB966}.Debug|Any CPU.ActiveCfg = Debug|Any CPU
		{32A02498-D5A6-47C0-BE59-37A7042FB966}.Debug|Any CPU.Build.0 = Debug|Any CPU
		{32A02498-D5A6-47C0-BE59-37A7042FB966}.Release|Any CPU.ActiveCfg = Release|Any CPU
		{32A02498-D5A6-47C0-BE59-37A7042FB966}.Release|Any CPU.Build.0 = Release|Any CPU
		{EDFEA023-4C6D-4615-8539-B555705D59C8}.Debug|Any CPU.ActiveCfg = Debug|Any CPU
		{EDFEA023-4C6D-4615-8539-B555705D59C8}.Debug|Any CPU.Build.0 = Debug|Any CPU
		{EDFEA023-4C6D-4615-8539-B555705D59C8}.Release|Any CPU.ActiveCfg = Release|Any CPU
		{EDFEA023-4C6D-4615-8539-B555705D59C8}.Release|Any CPU.Build.0 = Release|Any CPU
		{A621B8F5-79B8-4F61-9DFA-AB8ECDBA0A8A}.Debug|Any CPU.ActiveCfg = Debug|Any CPU
		{A621B8F5-79B8-4F61-9DFA-AB8ECDBA0A8A}.Debug|Any CPU.Build.0 = Debug|Any CPU
		{A621B8F5-79B8-4F61-9DFA-AB8ECDBA0A8A}.Release|Any CPU.ActiveCfg = Release|Any CPU
		{A621B8F5-79B8-4F61-9DFA-AB8ECDBA0A8A}.Release|Any CPU.Build.0 = Release|Any CPU
	EndGlobalSection
	GlobalSection(SolutionProperties) = preSolution
		HideSolutionNode = FALSE
	EndGlobalSection
	GlobalSection(NestedProjects) = preSolution
		{080F4102-56DC-4511-BA3F-BE47C9DFD257} = {015D8DFB-3B17-4C2B-A5D0-86ECCBC8ABD8}
		{92E1240A-57FC-4601-9BB8-BF2EA73B55EF} = {E4065352-6CB4-4512-A726-4C2302DF916A}
		{32A02498-D5A6-47C0-BE59-37A7042FB966} = {E4065352-6CB4-4512-A726-4C2302DF916A}
		{EDFEA023-4C6D-4615-8539-B555705D59C8} = {E4065352-6CB4-4512-A726-4C2302DF916A}
		{A621B8F5-79B8-4F61-9DFA-AB8ECDBA0A8A} = {01C1362C-CCD1-4F8B-9134-775BA5CB62CA}
	EndGlobalSection
	GlobalSection(ExtensibilityGlobals) = postSolution
		SolutionGuid = {72F9D00C-A03C-4146-8C82-FFAC1BA0FA67}
	EndGlobalSection
EndGlobal
